
Microsoft Visual Studio Solution File, Format Version 12.00
# Visual Studio Version 17
VisualStudioVersion = 17.0.31410.414
MinimumVisualStudioVersion = 10.0.40219.1
Project("{9A19103F-16F7-4668-BE54-9A1E7A4F7556}") = "ConsoleApp", "ConsoleApp.csproj", "{81C13398-4A13-4316-8068-D821833F339D}"
EndProject
Global
	GlobalSection(SolutionConfigurationPlatforms) = preSolution
		Debug|Any CPU = Debug|Any CPU
		Release|Any CPU = Release|Any CPU
	EndGlobalSection
	GlobalSection(ProjectConfigurationPlatforms) = postSolution
		{81C13398-4A13-4316-8068-D821833F339D}.Debug|Any CPU.ActiveCfg = Debug|Any CPU
		{81C13398-4A13-4316-8068-D821833F339D}.Debug|Any CPU.Build.0 = Debug|Any CPU
		{81C13398-4A13-4316-8068-D821833F339D}.Release|Any CPU.ActiveCfg = Release|Any CPU
		{81C13398-4A13-4316-8068-D821833F339D}.Release|Any CPU.Build.0 = Release|Any CPU
	EndGlobalSection
	GlobalSection(SolutionProperties) = preSolution
		HideSolutionNode = FALSE
	EndGlobalSection
	GlobalSection(ExtensibilityGlobals) = postSolution
		SolutionGuid = {6D84A313-DF3C-45D0-B634-74217433115C}
	EndGlobalSection
EndGlobal
